
Microsoft Visual Studio Solution File, Format Version 12.00
# Visual Studio Version 16
VisualStudioVersion = 16.0.30621.155
MinimumVisualStudioVersion = 10.0.40219.1
Project("{FAE04EC0-301F-11D3-BF4B-00C04F79EFBC}") = "CTS-C002-Foul Discharge Rate", "CTS-C002-Foul Discharge Rate\CTS-C002-Foul Discharge Rate.csproj", "{AB972B55-E707-4331-828B-5EABA0540869}"
EndProject
Global
	GlobalSection(SolutionConfigurationPlatforms) = preSolution
		Debug|Any CPU = Debug|Any CPU
		Release|Any CPU = Release|Any CPU
	EndGlobalSection
	GlobalSection(ProjectConfigurationPlatforms) = postSolution
		{AB972B55-E707-4331-828B-5EABA0540869}.Debug|Any CPU.ActiveCfg = Debug|Any CPU
		{AB972B55-E707-4331-828B-5EABA0540869}.Debug|Any CPU.Build.0 = Debug|Any CPU
		{AB972B55-E707-4331-828B-5EABA0540869}.Release|Any CPU.ActiveCfg = Release|Any CPU
		{AB972B55-E707-4331-828B-5EABA0540869}.Release|Any CPU.Build.0 = Release|Any CPU
	EndGlobalSection
	GlobalSection(SolutionProperties) = preSolution
		HideSolutionNode = FALSE
	EndGlobalSection
	GlobalSection(ExtensibilityGlobals) = postSolution
		SolutionGuid = {A5FAD102-E284-4F65-A580-ED94D2F2C9E7}
	EndGlobalSection
EndGlobal
